
Microsoft Visual Studio Solution File, Format Version 12.00
# Visual Studio Version 17
VisualStudioVersion = 17.11.35312.102
MinimumVisualStudioVersion = 10.0.40219.1
Project("{FAE04EC0-301F-11D3-BF4B-00C04F79EFBC}") = "Shopping.Web", "Shopping.Web\Shopping.Web.csproj", "{451A3E26-7564-4818-90E3-3BD04C5B8306}"
EndProject
Project("{FAE04EC0-301F-11D3-BF4B-00C04F79EFBC}") = "Shopping.API", "Shopping.API\Shopping.API.csproj", "{C834FBB4-05A6-46B3-B9CC-04ABC50B001E}"
EndProject
Global
	GlobalSection(SolutionConfigurationPlatforms) = preSolution
		Debug|Any CPU = Debug|Any CPU
		Release|Any CPU = Release|Any CPU
	EndGlobalSection
	GlobalSection(ProjectConfigurationPlatforms) = postSolution
		{451A3E26-7564-4818-90E3-3BD04C5B8306}.Debug|Any CPU.ActiveCfg = Debug|Any CPU
		{451A3E26-7564-4818-90E3-3BD04C5B8306}.Debug|Any CPU.Build.0 = Debug|Any CPU
		{451A3E26-7564-4818-90E3-3BD04C5B8306}.Release|Any CPU.ActiveCfg = Release|Any CPU
		{451A3E26-7564-4818-90E3-3BD04C5B8306}.Release|Any CPU.Build.0 = Release|Any CPU
		{C834FBB4-05A6-46B3-B9CC-04ABC50B001E}.Debug|Any CPU.ActiveCfg = Debug|Any CPU
		{C834FBB4-05A6-46B3-B9CC-04ABC50B001E}.Debug|Any CPU.Build.0 = Debug|Any CPU
		{C834FBB4-05A6-46B3-B9CC-04ABC50B001E}.Release|Any CPU.ActiveCfg = Release|Any CPU
		{C834FBB4-05A6-46B3-B9CC-04ABC50B001E}.Release|Any CPU.Build.0 = Release|Any CPU
	EndGlobalSection
	GlobalSection(SolutionProperties) = preSolution
		HideSolutionNode = FALSE
	EndGlobalSection
	GlobalSection(ExtensibilityGlobals) = postSolution
		SolutionGuid = {BD325D12-8925-4407-9E78-CC4F99B2F9CD}
	EndGlobalSection
EndGlobal
